// !$*UTF8*$!
{
	archiveVersion = 1;
	classes = {
	};
	objectVersion = 46;
	objects = {

/* Begin PBXBuildFile section */
		D8FE6DF71D2C5A8700779706 /* AppDelegate.swift in Sources */ = {isa = PBXBuildFile; fileRef = D8FE6DF61D2C5A8700779706 /* AppDelegate.swift */; };
		D8FE6DFC1D2C5A8700779706 /* Main.storyboard in Resources */ = {isa = PBXBuildFile; fileRef = D8FE6DFA1D2C5A8700779706 /* Main.storyboard */; };
		D8FE6DFE1D2C5A8700779706 /* Assets.xcassets in Resources */ = {isa = PBXBuildFile; fileRef = D8FE6DFD1D2C5A8700779706 /* Assets.xcassets */; };
		D8FE6E011D2C5A8700779706 /* LaunchScreen.storyboard in Resources */ = {isa = PBXBuildFile; fileRef = D8FE6DFF1D2C5A8700779706 /* LaunchScreen.storyboard */; };
		D8FE6E0B1D2C5B3B00779706 /* TicTacToeViewController.swift in Sources */ = {isa = PBXBuildFile; fileRef = D8FE6E0A1D2C5B3B00779706 /* TicTacToeViewController.swift */; };
/* End PBXBuildFile section */

/* Begin PBXFileReference section */
		D8FE6DF31D2C5A8700779706 /* TicTacToe.app */ = {isa = PBXFileReference; explicitFileType = wrapper.application; includeInIndex = 0; path = TicTacToe.app; sourceTree = BUILT_PRODUCTS_DIR; };
		D8FE6DF61D2C5A8700779706 /* AppDelegate.swift */ = {isa = PBXFileReference; lastKnownFileType = sourcecode.swift; path = AppDelegate.swift; sourceTree = "<group>"; };
		D8FE6DFB1D2C5A8700779706 /* Base */ = {isa = PBXFileReference; lastKnownFileType = file.storyboard; name = Base; path = Base.lproj/Main.storyboard; sourceTree = "<group>"; };
		D8FE6DFD1D2C5A8700779706 /* Assets.xcassets */ = {isa = PBXFileReference; lastKnownFileType = folder.assetcatalog; path = Assets.xcassets; sourceTree = "<group>"; };
		D8FE6E001D2C5A8700779706 /* Base */ = {isa = PBXFileReference; lastKnownFileType = file.storyboard; name = Base; path = Base.lproj/LaunchScreen.storyboard; sourceTree = "<group>"; };
		D8FE6E021D2C5A8700779706 /* Info.plist */ = {isa = PBXFileReference; lastKnownFileType = text.plist.xml; path = Info.plist; sourceTree = "<group>"; };
		D8FE6E0A1D2C5B3B00779706 /* TicTacToeViewController.swift */ = {isa = PBXFileReference; fileEncoding = 4; lastKnownFileType = sourcecode.swift; path = TicTacToeViewController.swift; sourceTree = "<group>"; };
/* End PBXFileReference section */

/* Begin PBXFrameworksBuildPhase section */
		D8FE6DF01D2C5A8700779706 /* Frameworks */ = {
			isa = PBXFrameworksBuildPhase;
			buildActionMask = 2147483647;
			files = (
			);
			runOnlyForDeploymentPostprocessing = 0;
		};
/* End PBXFrameworksBuildPhase section */

/* Begin PBXGroup section */
		D8FE6DEA1D2C5A8700779706 = {
			isa = PBXGroup;
			children = (
				D8FE6DF51D2C5A8700779706 /* TicTacToe */,
				D8FE6DF41D2C5A8700779706 /* Products */,
			);
			sourceTree = "<group>";
		};
		D8FE6DF41D2C5A8700779706 /* Products */ = {
			isa = PBXGroup;
			children = (
				D8FE6DF31D2C5A8700779706 /* TicTacToe.app */,
			);
			name = Products;
			sourceTree = "<group>";
		};
		D8FE6DF51D2C5A8700779706 /* TicTacToe */ = {
			isa = PBXGroup;
			children = (
				D8FE6DF61D2C5A8700779706 /* AppDelegate.swift */,
				D8FE6E0A1D2C5B3B00779706 /* TicTacToeViewController.swift */,
				D8FE6DFA1D2C5A8700779706 /* Main.storyboard */,
				D8FE6DFD1D2C5A8700779706 /* Assets.xcassets */,
				D8FE6DFF1D2C5A8700779706 /* LaunchScreen.storyboard */,
				D8FE6E021D2C5A8700779706 /* Info.plist */,
			);
			path = TicTacToe;
			sourceTree = "<group>";
		};
/* End PBXGroup section */

/* Begin PBXNativeTarget section */
		D8FE6DF21D2C5A8700779706 /* TicTacToe */ = {
			isa = PBXNativeTarget;
			buildConfigurationList = D8FE6E051D2C5A8700779706 /* Build configuration list for PBXNativeTarget "TicTacToe" */;
			buildPhases = (
				D8FE6DEF1D2C5A8700779706 /* Sources */,
				D8FE6DF01D2C5A8700779706 /* Frameworks */,
				D8FE6DF11D2C5A8700779706 /* Resources */,
			);
			buildRules = (
			);
			dependencies = (
			);
			name = TicTacToe;
			productName = TicTacToe;
			productReference = D8FE6DF31D2C5A8700779706 /* TicTacToe.app */;
			productType = "com.apple.product-type.application";
		};
/* End PBXNativeTarget section */

/* Begin PBXProject section */
		D8FE6DEB1D2C5A8700779706 /* Project object */ = {
			isa = PBXProject;
			attributes = {
				LastSwiftUpdateCheck = 0730;
				LastUpgradeCheck = 0730;
				ORGANIZATIONNAME = "Iron Yard_Joe Moss";
				TargetAttributes = {
					D8FE6DF21D2C5A8700779706 = {
						CreatedOnToolsVersion = 7.3.1;
					};
				};
			};
			buildConfigurationList = D8FE6DEE1D2C5A8700779706 /* Build configuration list for PBXProject "TicTacToe" */;
			compatibilityVersion = "Xcode 3.2";
			developmentRegion = English;
			hasScannedForEncodings = 0;
			knownRegions = (
				en,
				Base,
			);
			mainGroup = D8FE6DEA1D2C5A8700779706;
			productRefGroup = D8FE6DF41D2C5A8700779706 /* Products */;
			projectDirPath = "";
			projectRoot = "";
			targets = (
				D8FE6DF21D2C5A8700779706 /* TicTacToe */,
			);
		};
/* End PBXProject section */

/* Begin PBXResourcesBuildPhase section */
		D8FE6DF11D2C5A8700779706 /* Resources */ = {
			isa = PBXResourcesBuildPhase;
			buildActionMask = 2147483647;
			files = (
				D8FE6E011D2C5A8700779706 /* LaunchScreen.storyboard in Resources */,
				D8FE6DFE1D2C5A8700779706 /* Assets.xcassets in Resources */,
				D8FE6DFC1D2C5A8700779706 /* Main.storyboard in Resources */,
			);
			runOnlyForDeploymentPostprocessing = 0;
		};
/* End PBXResourcesBuildPhase section */

/* Begin PBXSourcesBuildPhase section */
		D8FE6DEF1D2C5A8700779706 /* Sources */ = {
			isa = PBXSourcesBuildPhase;
			buildActionMask = 2147483647;
			files = (
				D8FE6DF71D2C5A8700779706 /* AppDelegate.swift in Sources */,
				D8FE6E0B1D2C5B3B00779706 /* TicTacToeViewController.swift in Sources */,
			);
			runOnlyForDeploymentPostprocessing = 0;
		};
/* End PBXSourcesBuildPhase section */

/* Begin PBXVariantGroup section */
		D8FE6DFA1D2C5A8700779706 /* Main.storyboard */ = {
			isa = PBXVariantGroup;
			children = (
				D8FE6DFB1D2C5A8700779706 /* Base */,
			);
			name = Main.storyboard;
			sourceTree = "<group>";
		};
		D8FE6DFF1D2C5A8700779706 /* LaunchScreen.storyboard */ = {
			isa = PBXVariantGroup;
			children = (
				D8FE6E001D2C5A8700779706 /* Base */,
			);
			name = LaunchScreen.storyboard;
			sourceTree = "<group>";
		};
/* End PBXVariantGroup section */

/* Begin XCBuildConfiguration section */
		D8FE6E031D2C5A8700779706 /* Debug */ = {
			isa = XCBuildConfiguration;
			buildSettings = {
				ALWAYS_SEARCH_USER_PATHS = NO;
				CLANG_ANALYZER_NONNULL = YES;
				CLANG_CXX_LANGUAGE_STANDARD = "gnu++0x";
				CLANG_CXX_LIBRARY = "libc++";
				CLANG_ENABLE_MODULES = YES;
				CLANG_ENABLE_OBJC_ARC = YES;
				CLANG_WARN_BOOL_CONVERSION = YES;
				CLANG_WARN_CONSTANT_CONVERSION = YES;
				CLANG_WARN_DIRECT_OBJC_ISA_USAGE = YES_ERROR;
				CLANG_WARN_EMPTY_BODY = YES;
				CLANG_WARN_ENUM_CONVERSION = YES;
				CLANG_WARN_INT_CONVERSION = YES;
				CLANG_WARN_OBJC_ROOT_CLASS = YES_ERROR;
				CLANG_WARN_UNREACHABLE_CODE = YES;
				CLANG_WARN__DUPLICATE_METHOD_MATCH = YES;
				"CODE_SIGN_IDENTITY[sdk=iphoneos*]" = "iPhone Developer";
				COPY_PHASE_STRIP = NO;
				DEBUG_INFORMATION_FORMAT = dwarf;
				ENABLE_STRICT_OBJC_MSGSEND = YES;
				ENABLE_TESTABILITY = YES;
				GCC_C_LANGUAGE_STANDARD = gnu99;
				GCC_DYNAMIC_NO_PIC = NO;
				GCC_NO_COMMON_BLOCKS = YES;
				GCC_OPTIMIZATION_LEVEL = 0;
				GCC_PREPROCESSOR_DEFINITIONS = (
					"DEBUG=1",
					"$(inherited)",
				);
				GCC_WARN_64_TO_32_BIT_CONVERSION = YES;
				GCC_WARN_ABOUT_RETURN_TYPE = YES_ERROR;
				GCC_WARN_UNDECLARED_SELECTOR = YES;
				GCC_WARN_UNINITIALIZED_AUTOS = YES_AGGRESSIVE;
				GCC_WARN_UNUSED_FUNCTION = YES;
				GCC_WARN_UNUSED_VARIABLE = YES;
				IPHONEOS_DEPLOYMENT_TARGET = 9.3;
				MTL_ENABLE_DEBUG_INFO = YES;
				ONLY_ACTIVE_ARCH = YES;
				SDKROOT = iphoneos;
				SWIFT_OPTIMIZATION_LEVEL = "-Onone";
			};
			name = Debug;
		};
		D8FE6E041D2C5A8700779706 /* Release */ = {
			isa = XCBuildConfiguration;
			buildSettings = {
				ALWAYS_SEARCH_USER_PATHS = NO;
				CLANG_ANALYZER_NONNULL = YES;
				CLANG_CXX_LANGUAGE_STANDARD = "gnu++0x";
				CLANG_CXX_LIBRARY = "libc++";
				CLANG_ENABLE_MODULES = YES;
				CLANG_ENABLE_OBJC_ARC = YES;
				CLANG_WARN_BOOL_CONVERSION = YES;
				CLANG_WARN_CONSTANT_CONVERSION = YES;
				CLANG_WARN_DIRECT_OBJC_ISA_USAGE = YES_ERROR;
				CLANG_WARN_EMPTY_BODY = YES;
				CLANG_WARN_ENUM_CONVERSION = YES;
				CLANG_WARN_INT_CONVERSION = YES;
				CLANG_WARN_OBJC_ROOT_CLASS = YES_ERROR;
				CLANG_WARN_UNREACHABLE_CODE = YES;
				CLANG_WARN__DUPLICATE_METHOD_MATCH = YES;
				"CODE_SIGN_IDENTITY[sdk=iphoneos*]" = "iPhone Developer";
				COPY_PHASE_STRIP = NO;
				DEBUG_INFORMATION_FORMAT = "dwarf-with-dsym";
				ENABLE_NS_ASSERTIONS = NO;
				ENABLE_STRICT_OBJC_MSGSEND = YES;
				GCC_C_LANGUAGE_STANDARD = gnu99;
				GCC_NO_COMMON_BLOCKS = YES;
				GCC_WARN_64_TO_32_BIT_CONVERSION = YES;
				GCC_WARN_ABOUT_RETURN_TYPE = YES_ERROR;
				GCC_WARN_UNDECLARED_SELECTOR = YES;
				GCC_WARN_UNINITIALIZED_AUTOS = YES_AGGRESSIVE;
				GCC_WARN_UNUSED_FUNCTION = YES;
				GCC_WARN_UNUSED_VARIABLE = YES;
				IPHONEOS_DEPLOYMENT_TARGET = 9.3;
				MTL_ENABLE_DEBUG_INFO = NO;
				SDKROOT = iphoneos;
				VALIDATE_PRODUCT = YES;
			};
			name = Release;
		};
		D8FE6E061D2C5A8700779706 /* Debug */ = {
			isa = XCBuildConfiguration;
			buildSettings = {
				ASSETCATALOG_COMPILER_APPICON_NAME = AppIcon;
				INFOPLIST_FILE = TicTacToe/Info.plist;
				LD_RUNPATH_SEARCH_PATHS = "$(inherited) @executable_path/Frameworks";
				PRODUCT_BUNDLE_IDENTIFIER = com.joe.TicTacToe;
				PRODUCT_NAME = "$(TARGET_NAME)";
			};
			name = Debug;
		};
		D8FE6E071D2C5A8700779706 /* Release */ = {
			isa = XCBuildConfiguration;
			buildSettings = {
				ASSETCATALOG_COMPILER_APPICON_NAME = AppIcon;
				INFOPLIST_FILE = TicTacToe/Info.plist;
				LD_RUNPATH_SEARCH_PATHS = "$(inherited) @executable_path/Frameworks";
				PRODUCT_BUNDLE_IDENTIFIER = com.joe.TicTacToe;
				PRODUCT_NAME = "$(TARGET_NAME)";
			};
			name = Release;
		};
/* End XCBuildConfiguration section */

/* Begin XCConfigurationList section */
		D8FE6DEE1D2C5A8700779706 /* Build configuration list for PBXProject "TicTacToe" */ = {
			isa = XCConfigurationList;
			buildConfigurations = (
				D8FE6E031D2C5A8700779706 /* Debug */,
				D8FE6E041D2C5A8700779706 /* Release */,
			);
			defaultConfigurationIsVisible = 0;
			defaultConfigurationName = Release;
		};
		D8FE6E051D2C5A8700779706 /* Build configuration list for PBXNativeTarget "TicTacToe" */ = {
			isa = XCConfigurationList;
			buildConfigurations = (
				D8FE6E061D2C5A8700779706 /* Debug */,
				D8FE6E071D2C5A8700779706 /* Release */,
			);
			defaultConfigurationIsVisible = 0;
		};
/* End XCConfigurationList section */
	};
	rootObject = D8FE6DEB1D2C5A8700779706 /* Project object */;
}
